
Microsoft Visual Studio Solution File, Format Version 12.00
# Visual Studio Version 17
VisualStudioVersion = 17.14.37216.2 d17.14
MinimumVisualStudioVersion = 10.0.40219.1
Project("{FAE04EC0-301F-11D3-BF4B-00C04F79EFBC}") = "MilkPlant_KompaniaPolesye", "MilkPlant_KompaniaPolesye\MilkPlant_KompaniaPolesye.csproj", "{1F04C71E-F89A-4844-83F7-6A1CF0774A37}"
EndProject
Global
	GlobalSection(SolutionConfigurationPlatforms) = preSolution
		Debug|Any CPU = Debug|Any CPU
		Release|Any CPU = Release|Any CPU
	EndGlobalSection
	GlobalSection(ProjectConfigurationPlatforms) = postSolution
		{1F04C71E-F89A-4844-83F7-6A1CF0774A37}.Debug|Any CPU.ActiveCfg = Debug|Any CPU
		{1F04C71E-F89A-4844-83F7-6A1CF0774A37}.Debug|Any CPU.Build.0 = Debug|Any CPU
		{1F04C71E-F89A-4844-83F7-6A1CF0774A37}.Release|Any CPU.ActiveCfg = Release|Any CPU
		{1F04C71E-F89A-4844-83F7-6A1CF0774A37}.Release|Any CPU.Build.0 = Release|Any CPU
	EndGlobalSection
	GlobalSection(SolutionProperties) = preSolution
		HideSolutionNode = FALSE
	EndGlobalSection
	GlobalSection(ExtensibilityGlobals) = postSolution
		SolutionGuid = {334B00F2-9A82-4500-8902-69A1879B13DD}
	EndGlobalSection
EndGlobal
